
Microsoft Visual Studio Solution File, Format Version 12.00
# Visual Studio Version 16
VisualStudioVersion = 16.0.29613.14
MinimumVisualStudioVersion = 10.0.40219.1
Project("{9A19103F-16F7-4668-BE54-9A1E7A4F7556}") = "LibraryRepository", "LibraryRepository\LibraryRepository.csproj", "{7A6C205C-E068-4670-8065-7EF7C1C65014}"
EndProject
Project("{9A19103F-16F7-4668-BE54-9A1E7A4F7556}") = "LibraryModels", "LibraryModels\LibraryModels.csproj", "{4FFCC2EE-33AA-4C8B-BB20-85D27AD9B25D}"
EndProject
Project("{9A19103F-16F7-4668-BE54-9A1E7A4F7556}") = "LibraryDataContext", "LibraryDataContext\LibraryDataContext.csproj", "{83A75CA7-28A6-44B4-B927-CAEB1030A703}"
EndProject
Project("{9A19103F-16F7-4668-BE54-9A1E7A4F7556}") = "LibraryAPI", "LibraryAPI\LibraryAPI.csproj", "{CD38FD1D-5DE2-4AB9-9F1D-D01CE49D308C}"
EndProject
Global
	GlobalSection(SolutionConfigurationPlatforms) = preSolution
		Debug|Any CPU = Debug|Any CPU
		Release|Any CPU = Release|Any CPU
	EndGlobalSection
	GlobalSection(ProjectConfigurationPlatforms) = postSolution
		{7A6C205C-E068-4670-8065-7EF7C1C65014}.Debug|Any CPU.ActiveCfg = Debug|Any CPU
		{7A6C205C-E068-4670-8065-7EF7C1C65014}.Debug|Any CPU.Build.0 = Debug|Any CPU
		{7A6C205C-E068-4670-8065-7EF7C1C65014}.Release|Any CPU.ActiveCfg = Release|Any CPU
		{7A6C205C-E068-4670-8065-7EF7C1C65014}.Release|Any CPU.Build.0 = Release|Any CPU
		{4FFCC2EE-33AA-4C8B-BB20-85D27AD9B25D}.Debug|Any CPU.ActiveCfg = Debug|Any CPU
		{4FFCC2EE-33AA-4C8B-BB20-85D27AD9B25D}.Debug|Any CPU.Build.0 = Debug|Any CPU
		{4FFCC2EE-33AA-4C8B-BB20-85D27AD9B25D}.Release|Any CPU.ActiveCfg = Release|Any CPU
		{4FFCC2EE-33AA-4C8B-BB20-85D27AD9B25D}.Release|Any CPU.Build.0 = Release|Any CPU
		{83A75CA7-28A6-44B4-B927-CAEB1030A703}.Debug|Any CPU.ActiveCfg = Debug|Any CPU
		{83A75CA7-28A6-44B4-B927-CAEB1030A703}.Debug|Any CPU.Build.0 = Debug|Any CPU
		{83A75CA7-28A6-44B4-B927-CAEB1030A703}.Release|Any CPU.ActiveCfg = Release|Any CPU
		{83A75CA7-28A6-44B4-B927-CAEB1030A703}.Release|Any CPU.Build.0 = Release|Any CPU
		{CD38FD1D-5DE2-4AB9-9F1D-D01CE49D308C}.Debug|Any CPU.ActiveCfg = Debug|Any CPU
		{CD38FD1D-5DE2-4AB9-9F1D-D01CE49D308C}.Debug|Any CPU.Build.0 = Debug|Any CPU
		{CD38FD1D-5DE2-4AB9-9F1D-D01CE49D308C}.Release|Any CPU.ActiveCfg = Release|Any CPU
		{CD38FD1D-5DE2-4AB9-9F1D-D01CE49D308C}.Release|Any CPU.Build.0 = Release|Any CPU
	EndGlobalSection
	GlobalSection(SolutionProperties) = preSolution
		HideSolutionNode = FALSE
	EndGlobalSection
	GlobalSection(ExtensibilityGlobals) = postSolution
		SolutionGuid = {1AAC0A6B-CDCF-49E1-9A41-A32436645293}
	EndGlobalSection
EndGlobal
